
Microsoft Visual Studio Solution File, Format Version 10.00
# Visual Studio 2008
Project("{FAE04EC0-301F-11D3-BF4B-00C04F79EFBC}") = "MIDI", "MIDI\MIDI.csproj", "{F60D8B7B-2D2E-4B94-A736-3783FFE1A25C}"
EndProject
Project("{F184B08F-C81C-45F6-A57F-5ABD9991F28F}") = "Action.Interface", "ActionInterface\Action.Interface.vbproj", "{C242BFED-C9F6-493A-8DC4-FB9571E3A8E0}"
EndProject
Project("{F184B08F-C81C-45F6-A57F-5ABD9991F28F}") = "Feel", "Feel\Feel.vbproj", "{EC5E9353-090C-4C31-B579-FDB9D2C6DC21}"
EndProject
Project("{F184B08F-C81C-45F6-A57F-5ABD9991F28F}") = "Actions.Internal", "Actions.Internal\Actions.Internal.vbproj", "{4E16AFD8-03CA-49C8-99EE-AA91A2834AE5}"
EndProject
Project("{F184B08F-C81C-45F6-A57F-5ABD9991F28F}") = "Actions.MIDI", "Actions.MIDI\Actions.MIDI.vbproj", "{2F85B762-FA02-4721-9934-80C43E0D7708}"
EndProject
Project("{F184B08F-C81C-45F6-A57F-5ABD9991F28F}") = "Actions.Messages", "Actions.Messages\Actions.Messages.vbproj", "{1DD19CCB-839F-48DD-97C4-5EDA87398089}"
EndProject
Project("{F184B08F-C81C-45F6-A57F-5ABD9991F28F}") = "Actions.LJAdvanced", "Actions.LJAdvanced\Actions.LJAdvanced.vbproj", "{FDF029BF-D9EF-476E-8C1A-B89B27D3870D}"
EndProject
Project("{F184B08F-C81C-45F6-A57F-5ABD9991F28F}") = "FeelConfig", "FeelConfig\FeelConfig.vbproj", "{B4A03EF1-9D1C-4388-B9FE-2B46E4C23E88}"
EndProject
Project("{F184B08F-C81C-45F6-A57F-5ABD9991F28F}") = "Actions.LJFixtureControls", "Actions.LJFixtureControls\Actions.LJFixtureControls.vbproj", "{33C8C60C-D759-46C1-A3BA-803079E684B9}"
EndProject
Project("{F184B08F-C81C-45F6-A57F-5ABD9991F28F}") = "Actions.LJExternal", "Actions.LJExternal\Actions.LJExternal.vbproj", "{38302576-87E8-4DDD-AE7C-749BC0F9891A}"
EndProject
Project("{F184B08F-C81C-45F6-A57F-5ABD9991F28F}") = "Actions.LJSystemCommands", "Actions.LJSystemCommands\Actions.LJSystemCommands.vbproj", "{98021C49-2A61-4574-A483-AA6BB24C2F00}"
EndProject
Project("{F184B08F-C81C-45F6-A57F-5ABD9991F28F}") = "Actions.LJBackgroundCueFunctions", "Actions.LJBackgroundCueFunctions\Actions.LJBackgroundCueFunctions.vbproj", "{FAC89057-2507-4E70-AA35-4B787B98001C}"
EndProject
Project("{F184B08F-C81C-45F6-A57F-5ABD9991F28F}") = "Actions.LJSequenceFunctions", "Actions.LJSequenceFunctions\Actions.LJSequenceFunctions.vbproj", "{5A2840B2-A504-4E8A-BC4E-05DA64FBD25E}"
EndProject
Global
	GlobalSection(SolutionConfigurationPlatforms) = preSolution
		Debug|Any CPU = Debug|Any CPU
		Release|Any CPU = Release|Any CPU
	EndGlobalSection
	GlobalSection(ProjectConfigurationPlatforms) = postSolution
		{F60D8B7B-2D2E-4B94-A736-3783FFE1A25C}.Debug|Any CPU.ActiveCfg = Debug|Any CPU
		{F60D8B7B-2D2E-4B94-A736-3783FFE1A25C}.Debug|Any CPU.Build.0 = Debug|Any CPU
		{F60D8B7B-2D2E-4B94-A736-3783FFE1A25C}.Release|Any CPU.ActiveCfg = Release|Any CPU
		{F60D8B7B-2D2E-4B94-A736-3783FFE1A25C}.Release|Any CPU.Build.0 = Release|Any CPU
		{C242BFED-C9F6-493A-8DC4-FB9571E3A8E0}.Debug|Any CPU.ActiveCfg = Debug|Any CPU
		{C242BFED-C9F6-493A-8DC4-FB9571E3A8E0}.Debug|Any CPU.Build.0 = Debug|Any CPU
		{C242BFED-C9F6-493A-8DC4-FB9571E3A8E0}.Release|Any CPU.ActiveCfg = Release|Any CPU
		{C242BFED-C9F6-493A-8DC4-FB9571E3A8E0}.Release|Any CPU.Build.0 = Release|Any CPU
		{EC5E9353-090C-4C31-B579-FDB9D2C6DC21}.Debug|Any CPU.ActiveCfg = Debug|Any CPU
		{EC5E9353-090C-4C31-B579-FDB9D2C6DC21}.Debug|Any CPU.Build.0 = Debug|Any CPU
		{EC5E9353-090C-4C31-B579-FDB9D2C6DC21}.Release|Any CPU.ActiveCfg = Release|Any CPU
		{EC5E9353-090C-4C31-B579-FDB9D2C6DC21}.Release|Any CPU.Build.0 = Release|Any CPU
		{4E16AFD8-03CA-49C8-99EE-AA91A2834AE5}.Debug|Any CPU.ActiveCfg = Debug|Any CPU
		{4E16AFD8-03CA-49C8-99EE-AA91A2834AE5}.Debug|Any CPU.Build.0 = Debug|Any CPU
		{4E16AFD8-03CA-49C8-99EE-AA91A2834AE5}.Release|Any CPU.ActiveCfg = Release|Any CPU
		{4E16AFD8-03CA-49C8-99EE-AA91A2834AE5}.Release|Any CPU.Build.0 = Release|Any CPU
		{2F85B762-FA02-4721-9934-80C43E0D7708}.Debug|Any CPU.ActiveCfg = Debug|Any CPU
		{2F85B762-FA02-4721-9934-80C43E0D7708}.Debug|Any CPU.Build.0 = Debug|Any CPU
		{2F85B762-FA02-4721-9934-80C43E0D7708}.Release|Any CPU.ActiveCfg = Release|Any CPU
		{2F85B762-FA02-4721-9934-80C43E0D7708}.Release|Any CPU.Build.0 = Release|Any CPU
		{1DD19CCB-839F-48DD-97C4-5EDA87398089}.Debug|Any CPU.ActiveCfg = Debug|Any CPU
		{1DD19CCB-839F-48DD-97C4-5EDA87398089}.Debug|Any CPU.Build.0 = Debug|Any CPU
		{1DD19CCB-839F-48DD-97C4-5EDA87398089}.Release|Any CPU.ActiveCfg = Release|Any CPU
		{1DD19CCB-839F-48DD-97C4-5EDA87398089}.Release|Any CPU.Build.0 = Release|Any CPU
		{FDF029BF-D9EF-476E-8C1A-B89B27D3870D}.Debug|Any CPU.ActiveCfg = Debug|Any CPU
		{FDF029BF-D9EF-476E-8C1A-B89B27D3870D}.Debug|Any CPU.Build.0 = Debug|Any CPU
		{FDF029BF-D9EF-476E-8C1A-B89B27D3870D}.Release|Any CPU.ActiveCfg = Release|Any CPU
		{FDF029BF-D9EF-476E-8C1A-B89B27D3870D}.Release|Any CPU.Build.0 = Release|Any CPU
		{B4A03EF1-9D1C-4388-B9FE-2B46E4C23E88}.Debug|Any CPU.ActiveCfg = Debug|Any CPU
		{B4A03EF1-9D1C-4388-B9FE-2B46E4C23E88}.Debug|Any CPU.Build.0 = Debug|Any CPU
		{B4A03EF1-9D1C-4388-B9FE-2B46E4C23E88}.Release|Any CPU.ActiveCfg = Release|Any CPU
		{B4A03EF1-9D1C-4388-B9FE-2B46E4C23E88}.Release|Any CPU.Build.0 = Release|Any CPU
		{33C8C60C-D759-46C1-A3BA-803079E684B9}.Debug|Any CPU.ActiveCfg = Debug|Any CPU
		{33C8C60C-D759-46C1-A3BA-803079E684B9}.Debug|Any CPU.Build.0 = Debug|Any CPU
		{33C8C60C-D759-46C1-A3BA-803079E684B9}.Release|Any CPU.ActiveCfg = Release|Any CPU
		{33C8C60C-D759-46C1-A3BA-803079E684B9}.Release|Any CPU.Build.0 = Release|Any CPU
		{38302576-87E8-4DDD-AE7C-749BC0F9891A}.Debug|Any CPU.ActiveCfg = Debug|Any CPU
		{38302576-87E8-4DDD-AE7C-749BC0F9891A}.Debug|Any CPU.Build.0 = Debug|Any CPU
		{38302576-87E8-4DDD-AE7C-749BC0F9891A}.Release|Any CPU.ActiveCfg = Release|Any CPU
		{38302576-87E8-4DDD-AE7C-749BC0F9891A}.Release|Any CPU.Build.0 = Release|Any CPU
		{98021C49-2A61-4574-A483-AA6BB24C2F00}.Debug|Any CPU.ActiveCfg = Debug|Any CPU
		{98021C49-2A61-4574-A483-AA6BB24C2F00}.Debug|Any CPU.Build.0 = Debug|Any CPU
		{98021C49-2A61-4574-A483-AA6BB24C2F00}.Release|Any CPU.ActiveCfg = Release|Any CPU
		{98021C49-2A61-4574-A483-AA6BB24C2F00}.Release|Any CPU.Build.0 = Release|Any CPU
		{FAC89057-2507-4E70-AA35-4B787B98001C}.Debug|Any CPU.ActiveCfg = Debug|Any CPU
		{FAC89057-2507-4E70-AA35-4B787B98001C}.Debug|Any CPU.Build.0 = Debug|Any CPU
		{FAC89057-2507-4E70-AA35-4B787B98001C}.Release|Any CPU.ActiveCfg = Release|Any CPU
		{FAC89057-2507-4E70-AA35-4B787B98001C}.Release|Any CPU.Build.0 = Release|Any CPU
		{5A2840B2-A504-4E8A-BC4E-05DA64FBD25E}.Debug|Any CPU.ActiveCfg = Debug|Any CPU
		{5A2840B2-A504-4E8A-BC4E-05DA64FBD25E}.Debug|Any CPU.Build.0 = Debug|Any CPU
		{5A2840B2-A504-4E8A-BC4E-05DA64FBD25E}.Release|Any CPU.ActiveCfg = Release|Any CPU
		{5A2840B2-A504-4E8A-BC4E-05DA64FBD25E}.Release|Any CPU.Build.0 = Release|Any CPU
	EndGlobalSection
	GlobalSection(SolutionProperties) = preSolution
		HideSolutionNode = FALSE
	EndGlobalSection
EndGlobal
